# Generated by buf. DO NOT EDIT.
version: v1
deps:
  - remote: buf.build
    owner: goxy
    repository: go-saas-kit
    commit: 6318651ec65440b182e894571961e6e3
  - remote: buf.build
    owner: goxy
    repository: go-saas-kit-pkg
    commit: f3506d9b453f48f68aab5d0f4bf3740b
  - remote: buf.build
    owner: goxy
    repository: go-saas-kit-proto
    commit: ab2a2ec4880b4ebd926ccecf19557984
